# This file is automatically @generated by Cargo.
# It is not intended for manual editing.
version = 3

[[package]]
name = "aho-corasick"
version = "1.1.4"
dependencies = [
 "memchr",
]

[[package]]
name = "annotate-snippets"
version = "0.11.5"
source = "registry+https://github.com/rust-lang/crates.io-index"
checksum = "710e8eae58854cdc1790fcb56cca04d712a17be849eeb81da2a724bf4bae2bc4"
dependencies = [
 "anstyle",
 "unicode-width",
]

[[package]]
name = "anstyle"
version = "1.0.13"
source = "registry+https://github.com/rust-lang/crates.io-index"
checksum = "5192cca8006f1fd4f7237516f40fa183bb07f8fbdfedaa0036de5ea9b0b45e78"

[[package]]
name = "askama"
version = "0.14.0"
source = "registry+https://github.com/rust-lang/crates.io-index"
checksum = "f75363874b771be265f4ffe307ca705ef6f3baa19011c149da8674a87f1b75c4"
dependencies = [
 "askama_derive",
 "itoa",
 "percent-encoding",
 "serde",
 "serde_json",
]

[[package]]
name = "askama_derive"
version = "0.14.0"
source = "registry+https://github.com/rust-lang/crates.io-index"
checksum = "129397200fe83088e8a68407a8e2b1f826cf0086b21ccdb866a722c8bcd3a94f"
dependencies = [
 "askama_parser",
 "basic-toml",
 "memchr",
 "proc-macro2",
 "quote",
 "rustc-hash",
 "serde",
 "serde_derive",
 "syn",
]

[[package]]
name = "askama_parser"
version = "0.14.0"
source = "registry+https://github.com/rust-lang/crates.io-index"
checksum = "d6ab5630b3d5eaf232620167977f95eb51f3432fc76852328774afbd242d4358"
dependencies = [
 "memchr",
 "serde",
 "serde_derive",
 "winnow",
]

[[package]]
name = "basic-toml"
version = "0.1.10"
source = "registry+https://github.com/rust-lang/crates.io-index"
checksum = "ba62675e8242a4c4e806d12f11d136e626e6c8361d6b829310732241652a178a"
dependencies = [
 "serde",
]

[[package]]
name = "bitflags"
version = "2.10.0"

[[package]]
name = "cc"
version = "1.2.46"
dependencies = [
 "find-msvc-tools",
 "shlex",
]

[[package]]
name = "cfg-if"
version = "1.0.4"

[[package]]
name = "ctest"
version = "0.5.0-beta.1"
dependencies = [
 "askama",
 "cc",
 "pretty_assertions",
 "proc-macro2",
 "quote",
 "syn",
 "tempfile",
 "thiserror",
]

[[package]]
name = "ctest-test"
version = "0.1.0"
dependencies = [
 "cc",
 "ctest",
 "libc 1.0.0-alpha.1",
]

[[package]]
name = "diff"
version = "0.1.13"
source = "registry+https://github.com/rust-lang/crates.io-index"
checksum = "56254986775e3233ffa9c4d7d3faaf6d36a2c09d30b20687e9f88bc8bafc16c8"

[[package]]
name = "errno"
version = "0.3.14"
dependencies = [
 "libc 0.2.177",
 "windows-sys",
]

[[package]]
name = "fastrand"
version = "2.3.0"

[[package]]
name = "find-msvc-tools"
version = "0.1.5"

[[package]]
name = "getrandom"
version = "0.3.4"
dependencies = [
 "cfg-if",
 "libc 0.2.177",
 "r-efi",
 "wasip2",
]

[[package]]
name = "glob"
version = "0.3.3"

[[package]]
name = "itoa"
version = "1.0.15"

[[package]]
name = "libc"
version = "0.2.177"
source = "registry+https://github.com/rust-lang/crates.io-index"
checksum = "2874a2af47a2325c2001a6e6fad9b16a53b802102b528163885171cf92b15976"

[[package]]
name = "libc"
version = "1.0.0-alpha.1"
dependencies = [
 "rustc-std-workspace-core",
]

[[package]]
name = "libc-test"
version = "0.1.0"
dependencies = [
 "annotate-snippets",
 "cc",
 "cfg-if",
 "ctest",
 "glob",
 "libc 1.0.0-alpha.1",
 "proc-macro2",
 "regex",
 "syn",
]

[[package]]
name = "linux-raw-sys"
version = "0.11.0"
source = "registry+https://github.com/rust-lang/crates.io-index"
checksum = "df1d3c3b53da64cf5760482273a98e575c651a67eec7f77df96b5b642de8f039"

[[package]]
name = "memchr"
version = "2.7.6"

[[package]]
name = "once_cell"
version = "1.21.3"

[[package]]
name = "percent-encoding"
version = "2.3.2"
source = "registry+https://github.com/rust-lang/crates.io-index"
checksum = "9b4f627cb1b25917193a259e49bdad08f671f8d9708acfd5fe0a8c1455d87220"

[[package]]
name = "pretty_assertions"
version = "1.4.1"
source = "registry+https://github.com/rust-lang/crates.io-index"
checksum = "3ae130e2f271fbc2ac3a40fb1d07180839cdbbe443c7a27e1e3c13c5cac0116d"
dependencies = [
 "diff",
 "yansi",
]

[[package]]
name = "proc-macro2"
version = "1.0.103"
dependencies = [
 "unicode-ident",
]

[[package]]
name = "quote"
version = "1.0.42"
dependencies = [
 "proc-macro2",
]

[[package]]
name = "r-efi"
version = "5.3.0"

[[package]]
name = "regex"
version = "1.12.2"
dependencies = [
 "aho-corasick",
 "memchr",
 "regex-automata",
 "regex-syntax",
]

[[package]]
name = "regex-automata"
version = "0.4.13"
dependencies = [
 "aho-corasick",
 "memchr",
 "regex-syntax",
]

[[package]]
name = "regex-syntax"
version = "0.8.8"

[[package]]
name = "rustc-hash"
version = "2.1.1"

[[package]]
name = "rustc-std-workspace-core"
version = "1.0.1"
source = "registry+https://github.com/rust-lang/crates.io-index"
checksum = "aa9c45b374136f52f2d6311062c7146bff20fec063c3f5d46a410bd937746955"

[[package]]
name = "rustix"
version = "1.1.2"
dependencies = [
 "bitflags",
 "errno",
 "libc 0.2.177",
 "linux-raw-sys",
 "windows-sys",
]

[[package]]
name = "ryu"
version = "1.0.20"

[[package]]
name = "serde"
version = "1.0.228"
source = "registry+https://github.com/rust-lang/crates.io-index"
checksum = "9a8e94ea7f378bd32cbbd37198a4a91436180c5bb472411e48b5ec2e2124ae9e"
dependencies = [
 "serde_core",
]

[[package]]
name = "serde_core"
version = "1.0.228"
source = "registry+https://github.com/rust-lang/crates.io-index"
checksum = "41d385c7d4ca58e59fc732af25c3983b67ac852c1a25000afe1175de458b67ad"
dependencies = [
 "serde_derive",
]

[[package]]
name = "serde_derive"
version = "1.0.228"
source = "registry+https://github.com/rust-lang/crates.io-index"
checksum = "d540f220d3187173da220f885ab66608367b6574e925011a9353e4badda91d79"
dependencies = [
 "proc-macro2",
 "quote",
 "syn",
]

[[package]]
name = "serde_json"
version = "1.0.145"
source = "registry+https://github.com/rust-lang/crates.io-index"
checksum = "402a6f66d8c709116cf22f558eab210f5a50187f702eb4d7e5ef38d9a7f1c79c"
dependencies = [
 "itoa",
 "memchr",
 "ryu",
 "serde",
 "serde_core",
]

[[package]]
name = "shlex"
version = "1.3.0"

[[package]]
name = "syn"
version = "2.0.110"
dependencies = [
 "proc-macro2",
 "quote",
 "unicode-ident",
]

[[package]]
name = "tempfile"
version = "3.23.0"
dependencies = [
 "fastrand",
 "getrandom",
 "once_cell",
 "rustix",
 "windows-sys",
]

[[package]]
name = "thiserror"
version = "2.0.17"
dependencies = [
 "thiserror-impl",
]

[[package]]
name = "thiserror-impl"
version = "2.0.17"
dependencies = [
 "proc-macro2",
 "quote",
 "syn",
]

[[package]]
name = "unicode-ident"
version = "1.0.22"

[[package]]
name = "unicode-width"
version = "0.2.2"
source = "registry+https://github.com/rust-lang/crates.io-index"
checksum = "b4ac048d71ede7ee76d585517add45da530660ef4390e49b098733c6e897f254"

[[package]]
name = "wasip2"
version = "1.0.1+wasi-0.2.4"
source = "registry+https://github.com/rust-lang/crates.io-index"
checksum = "0562428422c63773dad2c345a1882263bbf4d65cf3f42e90921f787ef5ad58e7"
dependencies = [
 "wit-bindgen",
]

[[package]]
name = "windows-link"
version = "0.2.1"
source = "registry+https://github.com/rust-lang/crates.io-index"
checksum = "f0805222e57f7521d6a62e36fa9163bc891acd422f971defe97d64e70d0a4fe5"

[[package]]
name = "windows-sys"
version = "0.61.2"
source = "registry+https://github.com/rust-lang/crates.io-index"
checksum = "ae137229bcbd6cdf0f7b80a31df61766145077ddf49416a728b02cb3921ff3fc"
dependencies = [
 "windows-link",
]

[[package]]
name = "winnow"
version = "0.7.13"
dependencies = [
 "memchr",
]

[[package]]
name = "wit-bindgen"
version = "0.46.0"
source = "registry+https://github.com/rust-lang/crates.io-index"
checksum = "f17a85883d4e6d00e8a97c586de764dabcc06133f7f1d55dce5cdc070ad7fe59"

[[package]]
name = "yansi"
version = "1.0.1"
source = "registry+https://github.com/rust-lang/crates.io-index"
checksum = "cfe53a6657fd280eaa890a3bc59152892ffa3e30101319d168b781ed6529b049"

[[patch.unused]]
name = "dashmap"
version = "7.0.0-rc2"

[[patch.unused]]
name = "ordered-multimap"
version = "0.7.4"

[[patch.unused]]
name = "dlv-list"
version = "0.6.0"

[[patch.unused]]
name = "base64"
version = "0.22.1"

[[patch.unused]]
name = "heapless"
version = "0.9.2"

[[patch.unused]]
name = "time"
version = "0.3.44"

[[patch.unused]]
name = "time-core"
version = "0.1.6"

[[patch.unused]]
name = "time-macros"
version = "0.2.24"

[[patch.unused]]
name = "rust-ini"
version = "0.21.3"

[[patch.unused]]
name = "faster-hex"
version = "0.10.0"

[[patch.unused]]
name = "addr2line"
version = "0.25.1"

[[patch.unused]]
name = "adler2"
version = "2.0.1"

[[patch.unused]]
name = "android_system_properties"
version = "0.1.5"

[[patch.unused]]
name = "anyhow"
version = "1.0.100"

[[patch.unused]]
name = "arc-swap"
version = "1.7.1"

[[patch.unused]]
name = "arraydeque"
version = "0.5.1"

[[patch.unused]]
name = "arrayref"
version = "0.3.9"

[[patch.unused]]
name = "arrayvec"
version = "0.7.6"

[[patch.unused]]
name = "async-trait"
version = "0.1.89"

[[patch.unused]]
name = "autocfg"
version = "1.5.0"

[[patch.unused]]
name = "backtrace"
version = "0.3.76"

[[patch.unused]]
name = "bstr"
version = "1.12.1"

[[patch.unused]]
name = "bumpalo"
version = "3.19.0"

[[patch.unused]]
name = "byteorder"
version = "1.5.0"

[[patch.unused]]
name = "bytes"
version = "1.11.0"

[[patch.unused]]
name = "cfg_aliases"
version = "0.2.1"

[[patch.unused]]
name = "clap"
version = "4.5.51"

[[patch.unused]]
name = "clru"
version = "0.6.2"

[[patch.unused]]
name = "colorify"
version = "0.2.3"

[[patch.unused]]
name = "crc32fast"
version = "1.5.0"

[[patch.unused]]
name = "crunchy"
version = "0.2.4"

[[patch.unused]]
name = "ct-codecs"
version = "1.1.6"

[[patch.unused]]
name = "displaydoc"
version = "0.2.5"

[[patch.unused]]
name = "ed25519-compact"
version = "2.1.1"

[[patch.unused]]
name = "either"
version = "1.15.0"

[[patch.unused]]
name = "encoding_rs"
version = "0.8.35"

[[patch.unused]]
name = "equivalent"
version = "1.0.2"

[[patch.unused]]
name = "erased-serde"
version = "0.4.9"

[[patch.unused]]
name = "fallible-iterator"
version = "0.3.0"

[[patch.unused]]
name = "fallible-streaming-iterator"
version = "0.1.9"

[[patch.unused]]
name = "ff"
version = "0.13.1"

[[patch.unused]]
name = "filetime"
version = "0.2.26"

[[patch.unused]]
name = "flate2"
version = "1.1.5"

[[patch.unused]]
name = "fnv"
version = "1.0.7"

[[patch.unused]]
name = "foldhash"
version = "0.2.0"

[[patch.unused]]
name = "gimli"
version = "0.32.3"

[[patch.unused]]
name = "globwalk"
version = "0.9.1"

[[patch.unused]]
name = "group"
version = "0.13.0"

[[patch.unused]]
name = "heck"
version = "0.5.0"

[[patch.unused]]
name = "hex"
version = "0.4.3"

[[patch.unused]]
name = "http-auth"
version = "0.1.10"

[[patch.unused]]
name = "idna_adapter"
version = "1.2.1"

[[patch.unused]]
name = "indexmap"
version = "2.12.0"

[[patch.unused]]
name = "is_executable"
version = "1.0.5"

[[patch.unused]]
name = "is_terminal_polyfill"
version = "1.70.2"

[[patch.unused]]
name = "jiff"
version = "0.2.16"

[[patch.unused]]
name = "jobserver"
version = "0.1.34"

[[patch.unused]]
name = "json5"
version = "0.4.1"

[[patch.unused]]
name = "kstring"
version = "2.0.2"

[[patch.unused]]
name = "lazycell"
version = "1.3.0"

[[patch.unused]]
name = "libz-sys"
version = "1.1.23"

[[patch.unused]]
name = "log"
version = "0.4.28"

[[patch.unused]]
name = "matchers"
version = "0.2.0"

[[patch.unused]]
name = "maybe-async"
version = "0.2.10"

[[patch.unused]]
name = "memmap2"
version = "0.9.9"

[[patch.unused]]
name = "minimal-lexical"
version = "0.2.1"

[[patch.unused]]
name = "miow"
version = "0.6.1"

[[patch.unused]]
name = "normpath"
version = "1.5.0"

[[patch.unused]]
name = "nu-ansi-term"
version = "0.50.3"

[[patch.unused]]
name = "num-traits"
version = "0.2.19"

[[patch.unused]]
name = "num_threads"
version = "0.1.7"

[[patch.unused]]
name = "object"
version = "0.37.3"

[[patch.unused]]
name = "once_cell_polyfill"
version = "1.56.1"

[[patch.unused]]
name = "openssl-probe"
version = "0.1.6"

[[patch.unused]]
name = "orion"
version = "0.17.11"

[[patch.unused]]
name = "parking_lot"
version = "0.12.5"

[[patch.unused]]
name = "pasetors"
version = "0.7.7"

[[patch.unused]]
name = "pathdiff"
version = "0.2.3"

[[patch.unused]]
name = "pin-project-lite"
version = "0.2.16"

[[patch.unused]]
name = "pkg-config"
version = "0.3.32"

[[patch.unused]]
name = "portable-atomic"
version = "1.11.1"

[[patch.unused]]
name = "quickcheck"
version = "1.0.3"

[[patch.unused]]
name = "rustc-demangle"
version = "0.1.26"

[[patch.unused]]
name = "rustc-stable-hash"
version = "0.1.2"

[[patch.unused]]
name = "rustversion"
version = "1.0.22"

[[patch.unused]]
name = "same-file"
version = "1.0.6"

[[patch.unused]]
name = "schannel"
version = "0.1.28"

[[patch.unused]]
name = "scopeguard"
version = "1.2.0"

[[patch.unused]]
name = "semver"
version = "1.0.27"

[[patch.unused]]
name = "serde-untagged"
version = "0.1.9"

[[patch.unused]]
name = "serde-value"
version = "0.7.0"

[[patch.unused]]
name = "sharded-slab"
version = "0.1.7"

[[patch.unused]]
name = "shell-escape"
version = "0.1.5"

[[patch.unused]]
name = "shell-words"
version = "1.1.0"

[[patch.unused]]
name = "simd-adler32"
version = "0.3.7"

[[patch.unused]]
name = "stable_deref_trait"
version = "1.2.1"

[[patch.unused]]
name = "strsim"
version = "0.11.1"

[[patch.unused]]
name = "subtle"
version = "2.6.0"

[[patch.unused]]
name = "supports-hyperlinks"
version = "3.1.0"

[[patch.unused]]
name = "supports-unicode"
version = "3.0.0"

[[patch.unused]]
name = "synstructure"
version = "0.13.2"

[[patch.unused]]
name = "tar"
version = "0.4.44"

[[patch.unused]]
name = "tera"
version = "1.20.1"

[[patch.unused]]
name = "thread_local"
version = "1.1.9"

[[patch.unused]]
name = "tiny-keccak"
version = "2.0.2"

[[patch.unused]]
name = "tinyvec"
version = "1.10.0"

[[patch.unused]]
name = "tinyvec_macros"
version = "0.1.1"

[[patch.unused]]
name = "typeid"
version = "1.0.3"

[[patch.unused]]
name = "typenum"
version = "1.19.0"

[[patch.unused]]
name = "unicase"
version = "2.8.1"

[[patch.unused]]
name = "unicode-normalization"
version = "0.1.25"

[[patch.unused]]
name = "unicode-segmentation"
version = "1.12.0"

[[patch.unused]]
name = "unicode-xid"
version = "0.2.6"

[[patch.unused]]
name = "utf8_iter"
version = "1.0.4"

[[patch.unused]]
name = "vcpkg"
version = "0.2.15"

[[patch.unused]]
name = "version_check"
version = "0.9.5"

[[patch.unused]]
name = "walkdir"
version = "2.5.0"

[[patch.unused]]
name = "wasm-bindgen"
version = "0.2.105"

[[patch.unused]]
name = "winapi-util"
version = "0.1.11"

[[patch.unused]]
name = "yaml-rust2"
version = "0.10.4"

[[patch.unused]]
name = "zerocopy"
version = "0.8.27"

[[patch.unused]]
name = "hashbrown"
version = "0.16.0"

[[patch.unused]]
name = "allocator-api2"
version = "0.3.1"

[[patch.unused]]
name = "config"
version = "0.15.18"

[[patch.unused]]
name = "ron"
version = "0.11.0"
